
Microsoft Visual Studio Solution File, Format Version 12.00
# Visual Studio Version 17
VisualStudioVersion = 17.5.33627.172
MinimumVisualStudioVersion = 10.0.40219.1
Project("{FAE04EC0-301F-11D3-BF4B-00C04F79EFBC}") = "RegexDemo", "RegexDemo\RegexDemo.csproj", "{220477A1-210A-4D65-AC6C-9C56BD4C92D2}"
EndProject
Global
	GlobalSection(SolutionConfigurationPlatforms) = preSolution
		Debug|Any CPU = Debug|Any CPU
		Release|Any CPU = Release|Any CPU
	EndGlobalSection
	GlobalSection(ProjectConfigurationPlatforms) = postSolution
		{220477A1-210A-4D65-AC6C-9C56BD4C92D2}.Debug|Any CPU.ActiveCfg = Debug|Any CPU
		{220477A1-210A-4D65-AC6C-9C56BD4C92D2}.Debug|Any CPU.Build.0 = Debug|Any CPU
		{220477A1-210A-4D65-AC6C-9C56BD4C92D2}.Release|Any CPU.ActiveCfg = Release|Any CPU
		{220477A1-210A-4D65-AC6C-9C56BD4C92D2}.Release|Any CPU.Build.0 = Release|Any CPU
	EndGlobalSection
	GlobalSection(SolutionProperties) = preSolution
		HideSolutionNode = FALSE
	EndGlobalSection
	GlobalSection(ExtensibilityGlobals) = postSolution
		SolutionGuid = {AD99A6B9-3F9C-44E9-8B8E-05E41AFE8AB6}
	EndGlobalSection
EndGlobal
